// !$*UTF8*$!
{
	archiveVersion = 1;
	classes = {
	};
	objectVersion = 56;
	objects = {

/* Begin PBXBuildFile section */
		3A275EAC2BAF762100F6D50D /* VideoJoinApp.swift in Sources */ = {isa = PBXBuildFile; fileRef = 3A275EAB2BAF762100F6D50D /* VideoJoinApp.swift */; };
		3A275EAE2BAF762100F6D50D /* ContentView.swift in Sources */ = {isa = PBXBuildFile; fileRef = 3A275EAD2BAF762100F6D50D /* ContentView.swift */; };
		3A275EB02BAF762100F6D50D /* Item.swift in Sources */ = {isa = PBXBuildFile; fileRef = 3A275EAF2BAF762100F6D50D /* Item.swift */; };
		3A275EB22BAF762200F6D50D /* Assets.xcassets in Resources */ = {isa = PBXBuildFile; fileRef = 3A275EB12BAF762200F6D50D /* Assets.xcassets */; };
		3A275EB52BAF762200F6D50D /* Preview Assets.xcassets in Resources */ = {isa = PBXBuildFile; fileRef = 3A275EB42BAF762200F6D50D /* Preview Assets.xcassets */; };
		3A275EBF2BAF762300F6D50D /* VideoJoinTests.swift in Sources */ = {isa = PBXBuildFile; fileRef = 3A275EBE2BAF762300F6D50D /* VideoJoinTests.swift */; };
		3A275EC92BAF762300F6D50D /* VideoJoinUITests.swift in Sources */ = {isa = PBXBuildFile; fileRef = 3A275EC82BAF762300F6D50D /* VideoJoinUITests.swift */; };
		3A275ECB2BAF762300F6D50D /* VideoJoinUITestsLaunchTests.swift in Sources */ = {isa = PBXBuildFile; fileRef = 3A275ECA2BAF762300F6D50D /* VideoJoinUITestsLaunchTests.swift */; };
		3A275ED92BAF769200F6D50D /* VideoJoinModel.swift in Sources */ = {isa = PBXBuildFile; fileRef = 3A275ED82BAF769200F6D50D /* VideoJoinModel.swift */; };
		3A275EDB2BAF7BF500F6D50D /* EmptyView.swift in Sources */ = {isa = PBXBuildFile; fileRef = 3A275EDA2BAF7BF500F6D50D /* EmptyView.swift */; };
		3A275EDD2BB0523600F6D50D /* LoadingVideoView.swift in Sources */ = {isa = PBXBuildFile; fileRef = 3A275EDC2BB0523600F6D50D /* LoadingVideoView.swift */; };
		3A275EDF2BB052AB00F6D50D /* VideoView.swift in Sources */ = {isa = PBXBuildFile; fileRef = 3A275EDE2BB052AB00F6D50D /* VideoView.swift */; };
		3A275EE12BB0566700F6D50D /* DetailedView.swift in Sources */ = {isa = PBXBuildFile; fileRef = 3A275EE02BB0566700F6D50D /* DetailedView.swift */; };
		3A275EE32BB05E7300F6D50D /* AboutView.swift in Sources */ = {isa = PBXBuildFile; fileRef = 3A275EE22BB05E7300F6D50D /* AboutView.swift */; };
		3A275EE52BB060EE00F6D50D /* Errors.swift in Sources */ = {isa = PBXBuildFile; fileRef = 3A275EE42BB060EE00F6D50D /* Errors.swift */; };
		3A275EE72BB0621800F6D50D /* MergedView.swift in Sources */ = {isa = PBXBuildFile; fileRef = 3A275EE62BB0621800F6D50D /* MergedView.swift */; };
		3A275EE92BB0650000F6D50D /* Utils.swift in Sources */ = {isa = PBXBuildFile; fileRef = 3A275EE82BB0650000F6D50D /* Utils.swift */; };
		3A9D2EBD2BB1B8A300461FF6 /* Launch Screen.storyboard in Resources */ = {isa = PBXBuildFile; fileRef = 3A9D2EBC2BB1B8A300461FF6 /* Launch Screen.storyboard */; };
		3A9F0DFF2BB0AC4500EBAC8D /* BottomView.swift in Sources */ = {isa = PBXBuildFile; fileRef = 3A9F0DFE2BB0AC4500EBAC8D /* BottomView.swift */; };
		3A9F0E012BB0CD6000EBAC8D /* MergedVideoView.swift in Sources */ = {isa = PBXBuildFile; fileRef = 3A9F0E002BB0CD6000EBAC8D /* MergedVideoView.swift */; };
		3AAEFD392BB18707000A89B4 /* ActivityView.swift in Sources */ = {isa = PBXBuildFile; fileRef = 3AAEFD382BB18707000A89B4 /* ActivityView.swift */; };
		3AAEFD3B2BB1A5AB000A89B4 /* OrientationManager.swift in Sources */ = {isa = PBXBuildFile; fileRef = 3AAEFD3A2BB1A5AB000A89B4 /* OrientationManager.swift */; };
		3AAEFD3D2BB1A756000A89B4 /* PreviewVideoPlayer.swift in Sources */ = {isa = PBXBuildFile; fileRef = 3AAEFD3C2BB1A756000A89B4 /* PreviewVideoPlayer.swift */; };
		3AAEFD3F2BB1B052000A89B4 /* PlayerObserver.swift in Sources */ = {isa = PBXBuildFile; fileRef = 3AAEFD3E2BB1B052000A89B4 /* PlayerObserver.swift */; };
/* End PBXBuildFile section */

/* Begin PBXContainerItemProxy section */
		3A275EBB2BAF762300F6D50D /* PBXContainerItemProxy */ = {
			isa = PBXContainerItemProxy;
			containerPortal = 3A275EA02BAF762100F6D50D /* Project object */;
			proxyType = 1;
			remoteGlobalIDString = 3A275EA72BAF762100F6D50D;
			remoteInfo = VideoJoin;
		};
		3A275EC52BAF762300F6D50D /* PBXContainerItemProxy */ = {
			isa = PBXContainerItemProxy;
			containerPortal = 3A275EA02BAF762100F6D50D /* Project object */;
			proxyType = 1;
			remoteGlobalIDString = 3A275EA72BAF762100F6D50D;
			remoteInfo = VideoJoin;
		};
/* End PBXContainerItemProxy section */

/* Begin PBXFileReference section */
		3A275EA82BAF762100F6D50D /* VideoJoin.app */ = {isa = PBXFileReference; explicitFileType = wrapper.application; includeInIndex = 0; path = VideoJoin.app; sourceTree = BUILT_PRODUCTS_DIR; };
		3A275EAB2BAF762100F6D50D /* VideoJoinApp.swift */ = {isa = PBXFileReference; lastKnownFileType = sourcecode.swift; path = VideoJoinApp.swift; sourceTree = "<group>"; };
		3A275EAD2BAF762100F6D50D /* ContentView.swift */ = {isa = PBXFileReference; lastKnownFileType = sourcecode.swift; path = ContentView.swift; sourceTree = "<group>"; };
		3A275EAF2BAF762100F6D50D /* Item.swift */ = {isa = PBXFileReference; lastKnownFileType = sourcecode.swift; path = Item.swift; sourceTree = "<group>"; };
		3A275EB12BAF762200F6D50D /* Assets.xcassets */ = {isa = PBXFileReference; lastKnownFileType = folder.assetcatalog; path = Assets.xcassets; sourceTree = "<group>"; };
		3A275EB42BAF762200F6D50D /* Preview Assets.xcassets */ = {isa = PBXFileReference; lastKnownFileType = folder.assetcatalog; path = "Preview Assets.xcassets"; sourceTree = "<group>"; };
		3A275EBA2BAF762300F6D50D /* VideoJoinTests.xctest */ = {isa = PBXFileReference; explicitFileType = wrapper.cfbundle; includeInIndex = 0; path = VideoJoinTests.xctest; sourceTree = BUILT_PRODUCTS_DIR; };
		3A275EBE2BAF762300F6D50D /* VideoJoinTests.swift */ = {isa = PBXFileReference; lastKnownFileType = sourcecode.swift; path = VideoJoinTests.swift; sourceTree = "<group>"; };
		3A275EC42BAF762300F6D50D /* VideoJoinUITests.xctest */ = {isa = PBXFileReference; explicitFileType = wrapper.cfbundle; includeInIndex = 0; path = VideoJoinUITests.xctest; sourceTree = BUILT_PRODUCTS_DIR; };
		3A275EC82BAF762300F6D50D /* VideoJoinUITests.swift */ = {isa = PBXFileReference; lastKnownFileType = sourcecode.swift; path = VideoJoinUITests.swift; sourceTree = "<group>"; };
		3A275ECA2BAF762300F6D50D /* VideoJoinUITestsLaunchTests.swift */ = {isa = PBXFileReference; lastKnownFileType = sourcecode.swift; path = VideoJoinUITestsLaunchTests.swift; sourceTree = "<group>"; };
		3A275ED82BAF769200F6D50D /* VideoJoinModel.swift */ = {isa = PBXFileReference; lastKnownFileType = sourcecode.swift; path = VideoJoinModel.swift; sourceTree = "<group>"; };
		3A275EDA2BAF7BF500F6D50D /* EmptyView.swift */ = {isa = PBXFileReference; lastKnownFileType = sourcecode.swift; path = EmptyView.swift; sourceTree = "<group>"; };
		3A275EDC2BB0523600F6D50D /* LoadingVideoView.swift */ = {isa = PBXFileReference; lastKnownFileType = sourcecode.swift; path = LoadingVideoView.swift; sourceTree = "<group>"; };
		3A275EDE2BB052AB00F6D50D /* VideoView.swift */ = {isa = PBXFileReference; lastKnownFileType = sourcecode.swift; path = VideoView.swift; sourceTree = "<group>"; };
		3A275EE02BB0566700F6D50D /* DetailedView.swift */ = {isa = PBXFileReference; lastKnownFileType = sourcecode.swift; path = DetailedView.swift; sourceTree = "<group>"; };
		3A275EE22BB05E7300F6D50D /* AboutView.swift */ = {isa = PBXFileReference; lastKnownFileType = sourcecode.swift; path = AboutView.swift; sourceTree = "<group>"; };
		3A275EE42BB060EE00F6D50D /* Errors.swift */ = {isa = PBXFileReference; lastKnownFileType = sourcecode.swift; path = Errors.swift; sourceTree = "<group>"; };
		3A275EE62BB0621800F6D50D /* MergedView.swift */ = {isa = PBXFileReference; lastKnownFileType = sourcecode.swift; path = MergedView.swift; sourceTree = "<group>"; };
		3A275EE82BB0650000F6D50D /* Utils.swift */ = {isa = PBXFileReference; lastKnownFileType = sourcecode.swift; path = Utils.swift; sourceTree = "<group>"; };
		3A9D2EBC2BB1B8A300461FF6 /* Launch Screen.storyboard */ = {isa = PBXFileReference; lastKnownFileType = file.storyboard; path = "Launch Screen.storyboard"; sourceTree = "<group>"; };
		3A9F0DFE2BB0AC4500EBAC8D /* BottomView.swift */ = {isa = PBXFileReference; lastKnownFileType = sourcecode.swift; path = BottomView.swift; sourceTree = "<group>"; };
		3A9F0E002BB0CD6000EBAC8D /* MergedVideoView.swift */ = {isa = PBXFileReference; lastKnownFileType = sourcecode.swift; path = MergedVideoView.swift; sourceTree = "<group>"; };
		3AAEFD382BB18707000A89B4 /* ActivityView.swift */ = {isa = PBXFileReference; lastKnownFileType = sourcecode.swift; path = ActivityView.swift; sourceTree = "<group>"; };
		3AAEFD3A2BB1A5AB000A89B4 /* OrientationManager.swift */ = {isa = PBXFileReference; lastKnownFileType = sourcecode.swift; path = OrientationManager.swift; sourceTree = "<group>"; };
		3AAEFD3C2BB1A756000A89B4 /* PreviewVideoPlayer.swift */ = {isa = PBXFileReference; lastKnownFileType = sourcecode.swift; path = PreviewVideoPlayer.swift; sourceTree = "<group>"; };
		3AAEFD3E2BB1B052000A89B4 /* PlayerObserver.swift */ = {isa = PBXFileReference; lastKnownFileType = sourcecode.swift; path = PlayerObserver.swift; sourceTree = "<group>"; };
/* End PBXFileReference section */

/* Begin PBXFrameworksBuildPhase section */
		3A275EA52BAF762100F6D50D /* Frameworks */ = {
			isa = PBXFrameworksBuildPhase;
			buildActionMask = 2147483647;
			files = (
			);
			runOnlyForDeploymentPostprocessing = 0;
		};
		3A275EB72BAF762300F6D50D /* Frameworks */ = {
			isa = PBXFrameworksBuildPhase;
			buildActionMask = 2147483647;
			files = (
			);
			runOnlyForDeploymentPostprocessing = 0;
		};
		3A275EC12BAF762300F6D50D /* Frameworks */ = {
			isa = PBXFrameworksBuildPhase;
			buildActionMask = 2147483647;
			files = (
			);
			runOnlyForDeploymentPostprocessing = 0;
		};
/* End PBXFrameworksBuildPhase section */

/* Begin PBXGroup section */
		3A275E9F2BAF762100F6D50D = {
			isa = PBXGroup;
			children = (
				3A275EAA2BAF762100F6D50D /* VideoJoin */,
				3A275EBD2BAF762300F6D50D /* VideoJoinTests */,
				3A275EC72BAF762300F6D50D /* VideoJoinUITests */,
				3A275EA92BAF762100F6D50D /* Products */,
			);
			sourceTree = "<group>";
		};
		3A275EA92BAF762100F6D50D /* Products */ = {
			isa = PBXGroup;
			children = (
				3A275EA82BAF762100F6D50D /* VideoJoin.app */,
				3A275EBA2BAF762300F6D50D /* VideoJoinTests.xctest */,
				3A275EC42BAF762300F6D50D /* VideoJoinUITests.xctest */,
			);
			name = Products;
			sourceTree = "<group>";
		};
		3A275EAA2BAF762100F6D50D /* VideoJoin */ = {
			isa = PBXGroup;
			children = (
				3A275ED72BAF765100F6D50D /* Views */,
				3A275EAB2BAF762100F6D50D /* VideoJoinApp.swift */,
				3A275EAF2BAF762100F6D50D /* Item.swift */,
				3A275EB12BAF762200F6D50D /* Assets.xcassets */,
				3A275EB32BAF762200F6D50D /* Preview Content */,
				3A275ED82BAF769200F6D50D /* VideoJoinModel.swift */,
				3A275EE42BB060EE00F6D50D /* Errors.swift */,
				3A275EE82BB0650000F6D50D /* Utils.swift */,
				3AAEFD3A2BB1A5AB000A89B4 /* OrientationManager.swift */,
				3AAEFD3E2BB1B052000A89B4 /* PlayerObserver.swift */,
				3A9D2EBC2BB1B8A300461FF6 /* Launch Screen.storyboard */,
			);
			path = VideoJoin;
			sourceTree = "<group>";
		};
		3A275EB32BAF762200F6D50D /* Preview Content */ = {
			isa = PBXGroup;
			children = (
				3A275EB42BAF762200F6D50D /* Preview Assets.xcassets */,
			);
			path = "Preview Content";
			sourceTree = "<group>";
		};
		3A275EBD2BAF762300F6D50D /* VideoJoinTests */ = {
			isa = PBXGroup;
			children = (
				3A275EBE2BAF762300F6D50D /* VideoJoinTests.swift */,
			);
			path = VideoJoinTests;
			sourceTree = "<group>";
		};
		3A275EC72BAF762300F6D50D /* VideoJoinUITests */ = {
			isa = PBXGroup;
			children = (
				3A275EC82BAF762300F6D50D /* VideoJoinUITests.swift */,
				3A275ECA2BAF762300F6D50D /* VideoJoinUITestsLaunchTests.swift */,
			);
			path = VideoJoinUITests;
			sourceTree = "<group>";
		};
		3A275ED72BAF765100F6D50D /* Views */ = {
			isa = PBXGroup;
			children = (
				3A275EAD2BAF762100F6D50D /* ContentView.swift */,
				3A275EDA2BAF7BF500F6D50D /* EmptyView.swift */,
				3A275EDC2BB0523600F6D50D /* LoadingVideoView.swift */,
				3A275EDE2BB052AB00F6D50D /* VideoView.swift */,
				3A275EE02BB0566700F6D50D /* DetailedView.swift */,
				3A275EE22BB05E7300F6D50D /* AboutView.swift */,
				3A275EE62BB0621800F6D50D /* MergedView.swift */,
				3A9F0DFE2BB0AC4500EBAC8D /* BottomView.swift */,
				3A9F0E002BB0CD6000EBAC8D /* MergedVideoView.swift */,
				3AAEFD382BB18707000A89B4 /* ActivityView.swift */,
				3AAEFD3C2BB1A756000A89B4 /* PreviewVideoPlayer.swift */,
			);
			path = Views;
			sourceTree = "<group>";
		};
/* End PBXGroup section */

/* Begin PBXNativeTarget section */
		3A275EA72BAF762100F6D50D /* VideoJoin */ = {
			isa = PBXNativeTarget;
			buildConfigurationList = 3A275ECE2BAF762300F6D50D /* Build configuration list for PBXNativeTarget "VideoJoin" */;
			buildPhases = (
				3A275EA42BAF762100F6D50D /* Sources */,
				3A275EA52BAF762100F6D50D /* Frameworks */,
				3A275EA62BAF762100F6D50D /* Resources */,
			);
			buildRules = (
			);
			dependencies = (
			);
			name = VideoJoin;
			productName = VideoJoin;
			productReference = 3A275EA82BAF762100F6D50D /* VideoJoin.app */;
			productType = "com.apple.product-type.application";
		};
		3A275EB92BAF762300F6D50D /* VideoJoinTests */ = {
			isa = PBXNativeTarget;
			buildConfigurationList = 3A275ED12BAF762300F6D50D /* Build configuration list for PBXNativeTarget "VideoJoinTests" */;
			buildPhases = (
				3A275EB62BAF762300F6D50D /* Sources */,
				3A275EB72BAF762300F6D50D /* Frameworks */,
				3A275EB82BAF762300F6D50D /* Resources */,
			);
			buildRules = (
			);
			dependencies = (
				3A275EBC2BAF762300F6D50D /* PBXTargetDependency */,
			);
			name = VideoJoinTests;
			productName = VideoJoinTests;
			productReference = 3A275EBA2BAF762300F6D50D /* VideoJoinTests.xctest */;
			productType = "com.apple.product-type.bundle.unit-test";
		};
		3A275EC32BAF762300F6D50D /* VideoJoinUITests */ = {
			isa = PBXNativeTarget;
			buildConfigurationList = 3A275ED42BAF762300F6D50D /* Build configuration list for PBXNativeTarget "VideoJoinUITests" */;
			buildPhases = (
				3A275EC02BAF762300F6D50D /* Sources */,
				3A275EC12BAF762300F6D50D /* Frameworks */,
				3A275EC22BAF762300F6D50D /* Resources */,
			);
			buildRules = (
			);
			dependencies = (
				3A275EC62BAF762300F6D50D /* PBXTargetDependency */,
			);
			name = VideoJoinUITests;
			productName = VideoJoinUITests;
			productReference = 3A275EC42BAF762300F6D50D /* VideoJoinUITests.xctest */;
			productType = "com.apple.product-type.bundle.ui-testing";
		};
/* End PBXNativeTarget section */

/* Begin PBXProject section */
		3A275EA02BAF762100F6D50D /* Project object */ = {
			isa = PBXProject;
			attributes = {
				BuildIndependentTargetsInParallel = 1;
				LastSwiftUpdateCheck = 1530;
				LastUpgradeCheck = 1530;
				TargetAttributes = {
					3A275EA72BAF762100F6D50D = {
						CreatedOnToolsVersion = 15.3;
					};
					3A275EB92BAF762300F6D50D = {
						CreatedOnToolsVersion = 15.3;
						TestTargetID = 3A275EA72BAF762100F6D50D;
					};
					3A275EC32BAF762300F6D50D = {
						CreatedOnToolsVersion = 15.3;
						TestTargetID = 3A275EA72BAF762100F6D50D;
					};
				};
			};
			buildConfigurationList = 3A275EA32BAF762100F6D50D /* Build configuration list for PBXProject "VideoJoin" */;
			compatibilityVersion = "Xcode 14.0";
			developmentRegion = en;
			hasScannedForEncodings = 0;
			knownRegions = (
				en,
				Base,
			);
			mainGroup = 3A275E9F2BAF762100F6D50D;
			productRefGroup = 3A275EA92BAF762100F6D50D /* Products */;
			projectDirPath = "";
			projectRoot = "";
			targets = (
				3A275EA72BAF762100F6D50D /* VideoJoin */,
				3A275EB92BAF762300F6D50D /* VideoJoinTests */,
				3A275EC32BAF762300F6D50D /* VideoJoinUITests */,
			);
		};
/* End PBXProject section */

/* Begin PBXResourcesBuildPhase section */
		3A275EA62BAF762100F6D50D /* Resources */ = {
			isa = PBXResourcesBuildPhase;
			buildActionMask = 2147483647;
			files = (
				3A9D2EBD2BB1B8A300461FF6 /* Launch Screen.storyboard in Resources */,
				3A275EB52BAF762200F6D50D /* Preview Assets.xcassets in Resources */,
				3A275EB22BAF762200F6D50D /* Assets.xcassets in Resources */,
			);
			runOnlyForDeploymentPostprocessing = 0;
		};
		3A275EB82BAF762300F6D50D /* Resources */ = {
			isa = PBXResourcesBuildPhase;
			buildActionMask = 2147483647;
			files = (
			);
			runOnlyForDeploymentPostprocessing = 0;
		};
		3A275EC22BAF762300F6D50D /* Resources */ = {
			isa = PBXResourcesBuildPhase;
			buildActionMask = 2147483647;
			files = (
			);
			runOnlyForDeploymentPostprocessing = 0;
		};
/* End PBXResourcesBuildPhase section */

/* Begin PBXSourcesBuildPhase section */
		3A275EA42BAF762100F6D50D /* Sources */ = {
			isa = PBXSourcesBuildPhase;
			buildActionMask = 2147483647;
			files = (
				3A9F0E012BB0CD6000EBAC8D /* MergedVideoView.swift in Sources */,
				3A275EE72BB0621800F6D50D /* MergedView.swift in Sources */,
				3A275EAE2BAF762100F6D50D /* ContentView.swift in Sources */,
				3A275EDF2BB052AB00F6D50D /* VideoView.swift in Sources */,
				3A275EDB2BAF7BF500F6D50D /* EmptyView.swift in Sources */,
				3A275EB02BAF762100F6D50D /* Item.swift in Sources */,
				3AAEFD3F2BB1B052000A89B4 /* PlayerObserver.swift in Sources */,
				3A9F0DFF2BB0AC4500EBAC8D /* BottomView.swift in Sources */,
				3A275EE32BB05E7300F6D50D /* AboutView.swift in Sources */,
				3AAEFD392BB18707000A89B4 /* ActivityView.swift in Sources */,
				3A275EE12BB0566700F6D50D /* DetailedView.swift in Sources */,
				3AAEFD3B2BB1A5AB000A89B4 /* OrientationManager.swift in Sources */,
				3A275EE52BB060EE00F6D50D /* Errors.swift in Sources */,
				3A275EDD2BB0523600F6D50D /* LoadingVideoView.swift in Sources */,
				3A275EAC2BAF762100F6D50D /* VideoJoinApp.swift in Sources */,
				3A275ED92BAF769200F6D50D /* VideoJoinModel.swift in Sources */,
				3AAEFD3D2BB1A756000A89B4 /* PreviewVideoPlayer.swift in Sources */,
				3A275EE92BB0650000F6D50D /* Utils.swift in Sources */,
			);
			runOnlyForDeploymentPostprocessing = 0;
		};
		3A275EB62BAF762300F6D50D /* Sources */ = {
			isa = PBXSourcesBuildPhase;
			buildActionMask = 2147483647;
			files = (
				3A275EBF2BAF762300F6D50D /* VideoJoinTests.swift in Sources */,
			);
			runOnlyForDeploymentPostprocessing = 0;
		};
		3A275EC02BAF762300F6D50D /* Sources */ = {
			isa = PBXSourcesBuildPhase;
			buildActionMask = 2147483647;
			files = (
				3A275ECB2BAF762300F6D50D /* VideoJoinUITestsLaunchTests.swift in Sources */,
				3A275EC92BAF762300F6D50D /* VideoJoinUITests.swift in Sources */,
			);
			runOnlyForDeploymentPostprocessing = 0;
		};
/* End PBXSourcesBuildPhase section */

/* Begin PBXTargetDependency section */
		3A275EBC2BAF762300F6D50D /* PBXTargetDependency */ = {
			isa = PBXTargetDependency;
			target = 3A275EA72BAF762100F6D50D /* VideoJoin */;
			targetProxy = 3A275EBB2BAF762300F6D50D /* PBXContainerItemProxy */;
		};
		3A275EC62BAF762300F6D50D /* PBXTargetDependency */ = {
			isa = PBXTargetDependency;
			target = 3A275EA72BAF762100F6D50D /* VideoJoin */;
			targetProxy = 3A275EC52BAF762300F6D50D /* PBXContainerItemProxy */;
		};
/* End PBXTargetDependency section */

/* Begin XCBuildConfiguration section */
		3A275ECC2BAF762300F6D50D /* Debug */ = {
			isa = XCBuildConfiguration;
			buildSettings = {
				ALWAYS_SEARCH_USER_PATHS = NO;
				ASSETCATALOG_COMPILER_GENERATE_SWIFT_ASSET_SYMBOL_EXTENSIONS = YES;
				CLANG_ANALYZER_NONNULL = YES;
				CLANG_ANALYZER_NUMBER_OBJECT_CONVERSION = YES_AGGRESSIVE;
				CLANG_CXX_LANGUAGE_STANDARD = "gnu++20";
				CLANG_ENABLE_MODULES = YES;
				CLANG_ENABLE_OBJC_ARC = YES;
				CLANG_ENABLE_OBJC_WEAK = YES;
				CLANG_WARN_BLOCK_CAPTURE_AUTORELEASING = YES;
				CLANG_WARN_BOOL_CONVERSION = YES;
				CLANG_WARN_COMMA = YES;
				CLANG_WARN_CONSTANT_CONVERSION = YES;
				CLANG_WARN_DEPRECATED_OBJC_IMPLEMENTATIONS = YES;
				CLANG_WARN_DIRECT_OBJC_ISA_USAGE = YES_ERROR;
				CLANG_WARN_DOCUMENTATION_COMMENTS = YES;
				CLANG_WARN_EMPTY_BODY = YES;
				CLANG_WARN_ENUM_CONVERSION = YES;
				CLANG_WARN_INFINITE_RECURSION = YES;
				CLANG_WARN_INT_CONVERSION = YES;
				CLANG_WARN_NON_LITERAL_NULL_CONVERSION = YES;
				CLANG_WARN_OBJC_IMPLICIT_RETAIN_SELF = YES;
				CLANG_WARN_OBJC_LITERAL_CONVERSION = YES;
				CLANG_WARN_OBJC_ROOT_CLASS = YES_ERROR;
				CLANG_WARN_QUOTED_INCLUDE_IN_FRAMEWORK_HEADER = YES;
				CLANG_WARN_RANGE_LOOP_ANALYSIS = YES;
				CLANG_WARN_STRICT_PROTOTYPES = YES;
				CLANG_WARN_SUSPICIOUS_MOVE = YES;
				CLANG_WARN_UNGUARDED_AVAILABILITY = YES_AGGRESSIVE;
				CLANG_WARN_UNREACHABLE_CODE = YES;
				CLANG_WARN__DUPLICATE_METHOD_MATCH = YES;
				COPY_PHASE_STRIP = NO;
				DEBUG_INFORMATION_FORMAT = dwarf;
				ENABLE_STRICT_OBJC_MSGSEND = YES;
				ENABLE_TESTABILITY = YES;
				ENABLE_USER_SCRIPT_SANDBOXING = YES;
				GCC_C_LANGUAGE_STANDARD = gnu17;
				GCC_DYNAMIC_NO_PIC = NO;
				GCC_NO_COMMON_BLOCKS = YES;
				GCC_OPTIMIZATION_LEVEL = 0;
				GCC_PREPROCESSOR_DEFINITIONS = (
					"DEBUG=1",
					"$(inherited)",
				);
				GCC_WARN_64_TO_32_BIT_CONVERSION = YES;
				GCC_WARN_ABOUT_RETURN_TYPE = YES_ERROR;
				GCC_WARN_UNDECLARED_SELECTOR = YES;
				GCC_WARN_UNINITIALIZED_AUTOS = YES_AGGRESSIVE;
				GCC_WARN_UNUSED_FUNCTION = YES;
				GCC_WARN_UNUSED_VARIABLE = YES;
				IPHONEOS_DEPLOYMENT_TARGET = 17.0;
				LOCALIZATION_PREFERS_STRING_CATALOGS = YES;
				MTL_ENABLE_DEBUG_INFO = INCLUDE_SOURCE;
				MTL_FAST_MATH = YES;
				ONLY_ACTIVE_ARCH = YES;
				SDKROOT = iphoneos;
				SWIFT_ACTIVE_COMPILATION_CONDITIONS = "DEBUG $(inherited)";
				SWIFT_OPTIMIZATION_LEVEL = "-Onone";
			};
			name = Debug;
		};
		3A275ECD2BAF762300F6D50D /* Release */ = {
			isa = XCBuildConfiguration;
			buildSettings = {
				ALWAYS_SEARCH_USER_PATHS = NO;
				ASSETCATALOG_COMPILER_GENERATE_SWIFT_ASSET_SYMBOL_EXTENSIONS = YES;
				CLANG_ANALYZER_NONNULL = YES;
				CLANG_ANALYZER_NUMBER_OBJECT_CONVERSION = YES_AGGRESSIVE;
				CLANG_CXX_LANGUAGE_STANDARD = "gnu++20";
				CLANG_ENABLE_MODULES = YES;
				CLANG_ENABLE_OBJC_ARC = YES;
				CLANG_ENABLE_OBJC_WEAK = YES;
				CLANG_WARN_BLOCK_CAPTURE_AUTORELEASING = YES;
				CLANG_WARN_BOOL_CONVERSION = YES;
				CLANG_WARN_COMMA = YES;
				CLANG_WARN_CONSTANT_CONVERSION = YES;
				CLANG_WARN_DEPRECATED_OBJC_IMPLEMENTATIONS = YES;
				CLANG_WARN_DIRECT_OBJC_ISA_USAGE = YES_ERROR;
				CLANG_WARN_DOCUMENTATION_COMMENTS = YES;
				CLANG_WARN_EMPTY_BODY = YES;
				CLANG_WARN_ENUM_CONVERSION = YES;
				CLANG_WARN_INFINITE_RECURSION = YES;
				CLANG_WARN_INT_CONVERSION = YES;
				CLANG_WARN_NON_LITERAL_NULL_CONVERSION = YES;
				CLANG_WARN_OBJC_IMPLICIT_RETAIN_SELF = YES;
				CLANG_WARN_OBJC_LITERAL_CONVERSION = YES;
				CLANG_WARN_OBJC_ROOT_CLASS = YES_ERROR;
				CLANG_WARN_QUOTED_INCLUDE_IN_FRAMEWORK_HEADER = YES;
				CLANG_WARN_RANGE_LOOP_ANALYSIS = YES;
				CLANG_WARN_STRICT_PROTOTYPES = YES;
				CLANG_WARN_SUSPICIOUS_MOVE = YES;
				CLANG_WARN_UNGUARDED_AVAILABILITY = YES_AGGRESSIVE;
				CLANG_WARN_UNREACHABLE_CODE = YES;
				CLANG_WARN__DUPLICATE_METHOD_MATCH = YES;
				COPY_PHASE_STRIP = NO;
				DEBUG_INFORMATION_FORMAT = "dwarf-with-dsym";
				ENABLE_NS_ASSERTIONS = NO;
				ENABLE_STRICT_OBJC_MSGSEND = YES;
				ENABLE_USER_SCRIPT_SANDBOXING = YES;
				GCC_C_LANGUAGE_STANDARD = gnu17;
				GCC_NO_COMMON_BLOCKS = YES;
				GCC_WARN_64_TO_32_BIT_CONVERSION = YES;
				GCC_WARN_ABOUT_RETURN_TYPE = YES_ERROR;
				GCC_WARN_UNDECLARED_SELECTOR = YES;
				GCC_WARN_UNINITIALIZED_AUTOS = YES_AGGRESSIVE;
				GCC_WARN_UNUSED_FUNCTION = YES;
				GCC_WARN_UNUSED_VARIABLE = YES;
				IPHONEOS_DEPLOYMENT_TARGET = 17.0;
				LOCALIZATION_PREFERS_STRING_CATALOGS = YES;
				MTL_ENABLE_DEBUG_INFO = NO;
				MTL_FAST_MATH = YES;
				SDKROOT = iphoneos;
				SWIFT_COMPILATION_MODE = wholemodule;
				VALIDATE_PRODUCT = YES;
			};
			name = Release;
		};
		3A275ECF2BAF762300F6D50D /* Debug */ = {
			isa = XCBuildConfiguration;
			buildSettings = {
				ASSETCATALOG_COMPILER_APPICON_NAME = AppIcon;
				ASSETCATALOG_COMPILER_GLOBAL_ACCENT_COLOR_NAME = AccentColor;
				CODE_SIGN_STYLE = Automatic;
				CURRENT_PROJECT_VERSION = 15;
				DEVELOPMENT_ASSET_PATHS = "\"VideoJoin/Preview Content\"";
				DEVELOPMENT_TEAM = VTJ5AG6JVP;
				ENABLE_PREVIEWS = YES;
				GENERATE_INFOPLIST_FILE = YES;
				INFOPLIST_KEY_NSPhotoLibraryUsageDescription = "";
				INFOPLIST_KEY_UIApplicationSceneManifest_Generation = YES;
				INFOPLIST_KEY_UIApplicationSupportsIndirectInputEvents = YES;
				INFOPLIST_KEY_UILaunchScreen_Generation = YES;
				INFOPLIST_KEY_UILaunchStoryboardName = "Launch Screen.storyboard";
				INFOPLIST_KEY_UISupportedInterfaceOrientations_iPad = "UIInterfaceOrientationPortrait UIInterfaceOrientationPortraitUpsideDown UIInterfaceOrientationLandscapeLeft UIInterfaceOrientationLandscapeRight";
				INFOPLIST_KEY_UISupportedInterfaceOrientations_iPhone = "UIInterfaceOrientationPortrait UIInterfaceOrientationLandscapeLeft UIInterfaceOrientationLandscapeRight";
				LD_RUNPATH_SEARCH_PATHS = (
					"$(inherited)",
					"@executable_path/Frameworks",
				);
				MARKETING_VERSION = 1.0;
				PRODUCT_BUNDLE_IDENTIFIER = com.simoant.VideoJoin;
				PRODUCT_NAME = "$(TARGET_NAME)";
				SWIFT_EMIT_LOC_STRINGS = YES;
				SWIFT_VERSION = 5.0;
				TARGETED_DEVICE_FAMILY = "1,2";
			};
			name = Debug;
		};
		3A275ED02BAF762300F6D50D /* Release */ = {
			isa = XCBuildConfiguration;
			buildSettings = {
				ASSETCATALOG_COMPILER_APPICON_NAME = AppIcon;
				ASSETCATALOG_COMPILER_GLOBAL_ACCENT_COLOR_NAME = AccentColor;
				CODE_SIGN_STYLE = Automatic;
				CURRENT_PROJECT_VERSION = 15;
				DEVELOPMENT_ASSET_PATHS = "\"VideoJoin/Preview Content\"";
				DEVELOPMENT_TEAM = VTJ5AG6JVP;
				ENABLE_PREVIEWS = YES;
				GENERATE_INFOPLIST_FILE = YES;
				INFOPLIST_KEY_NSPhotoLibraryUsageDescription = "";
				INFOPLIST_KEY_UIApplicationSceneManifest_Generation = YES;
				INFOPLIST_KEY_UIApplicationSupportsIndirectInputEvents = YES;
				INFOPLIST_KEY_UILaunchScreen_Generation = YES;
				INFOPLIST_KEY_UILaunchStoryboardName = "Launch Screen.storyboard";
				INFOPLIST_KEY_UISupportedInterfaceOrientations_iPad = "UIInterfaceOrientationPortrait UIInterfaceOrientationPortraitUpsideDown UIInterfaceOrientationLandscapeLeft UIInterfaceOrientationLandscapeRight";
				INFOPLIST_KEY_UISupportedInterfaceOrientations_iPhone = "UIInterfaceOrientationPortrait UIInterfaceOrientationLandscapeLeft UIInterfaceOrientationLandscapeRight";
				LD_RUNPATH_SEARCH_PATHS = (
					"$(inherited)",
					"@executable_path/Frameworks",
				);
				MARKETING_VERSION = 1.0;
				PRODUCT_BUNDLE_IDENTIFIER = com.simoant.VideoJoin;
				PRODUCT_NAME = "$(TARGET_NAME)";
				SWIFT_EMIT_LOC_STRINGS = YES;
				SWIFT_VERSION = 5.0;
				TARGETED_DEVICE_FAMILY = "1,2";
			};
			name = Release;
		};
		3A275ED22BAF762300F6D50D /* Debug */ = {
			isa = XCBuildConfiguration;
			buildSettings = {
				ALWAYS_EMBED_SWIFT_STANDARD_LIBRARIES = YES;
				BUNDLE_LOADER = "$(TEST_HOST)";
				CODE_SIGN_STYLE = Automatic;
				CURRENT_PROJECT_VERSION = 1;
				DEVELOPMENT_TEAM = VTJ5AG6JVP;
				GENERATE_INFOPLIST_FILE = YES;
				IPHONEOS_DEPLOYMENT_TARGET = 17.4;
				MARKETING_VERSION = 1.0;
				PRODUCT_BUNDLE_IDENTIFIER = com.simoant.VideoJoinTests;
				PRODUCT_NAME = "$(TARGET_NAME)";
				SWIFT_EMIT_LOC_STRINGS = NO;
				SWIFT_VERSION = 5.0;
				TARGETED_DEVICE_FAMILY = "1,2";
				TEST_HOST = "$(BUILT_PRODUCTS_DIR)/VideoJoin.app/$(BUNDLE_EXECUTABLE_FOLDER_PATH)/VideoJoin";
			};
			name = Debug;
		};
		3A275ED32BAF762300F6D50D /* Release */ = {
			isa = XCBuildConfiguration;
			buildSettings = {
				ALWAYS_EMBED_SWIFT_STANDARD_LIBRARIES = YES;
				BUNDLE_LOADER = "$(TEST_HOST)";
				CODE_SIGN_STYLE = Automatic;
				CURRENT_PROJECT_VERSION = 1;
				DEVELOPMENT_TEAM = VTJ5AG6JVP;
				GENERATE_INFOPLIST_FILE = YES;
				IPHONEOS_DEPLOYMENT_TARGET = 17.4;
				MARKETING_VERSION = 1.0;
				PRODUCT_BUNDLE_IDENTIFIER = com.simoant.VideoJoinTests;
				PRODUCT_NAME = "$(TARGET_NAME)";
				SWIFT_EMIT_LOC_STRINGS = NO;
				SWIFT_VERSION = 5.0;
				TARGETED_DEVICE_FAMILY = "1,2";
				TEST_HOST = "$(BUILT_PRODUCTS_DIR)/VideoJoin.app/$(BUNDLE_EXECUTABLE_FOLDER_PATH)/VideoJoin";
			};
			name = Release;
		};
		3A275ED52BAF762300F6D50D /* Debug */ = {
			isa = XCBuildConfiguration;
			buildSettings = {
				ALWAYS_EMBED_SWIFT_STANDARD_LIBRARIES = YES;
				CODE_SIGN_STYLE = Automatic;
				CURRENT_PROJECT_VERSION = 1;
				DEVELOPMENT_TEAM = VTJ5AG6JVP;
				GENERATE_INFOPLIST_FILE = YES;
				MARKETING_VERSION = 1.0;
				PRODUCT_BUNDLE_IDENTIFIER = com.simoant.VideoJoinUITests;
				PRODUCT_NAME = "$(TARGET_NAME)";
				SWIFT_EMIT_LOC_STRINGS = NO;
				SWIFT_VERSION = 5.0;
				TARGETED_DEVICE_FAMILY = "1,2";
				TEST_TARGET_NAME = VideoJoin;
			};
			name = Debug;
		};
		3A275ED62BAF762300F6D50D /* Release */ = {
			isa = XCBuildConfiguration;
			buildSettings = {
				ALWAYS_EMBED_SWIFT_STANDARD_LIBRARIES = YES;
				CODE_SIGN_STYLE = Automatic;
				CURRENT_PROJECT_VERSION = 1;
				DEVELOPMENT_TEAM = VTJ5AG6JVP;
				GENERATE_INFOPLIST_FILE = YES;
				MARKETING_VERSION = 1.0;
				PRODUCT_BUNDLE_IDENTIFIER = com.simoant.VideoJoinUITests;
				PRODUCT_NAME = "$(TARGET_NAME)";
				SWIFT_EMIT_LOC_STRINGS = NO;
				SWIFT_VERSION = 5.0;
				TARGETED_DEVICE_FAMILY = "1,2";
				TEST_TARGET_NAME = VideoJoin;
			};
			name = Release;
		};
/* End XCBuildConfiguration section */

/* Begin XCConfigurationList section */
		3A275EA32BAF762100F6D50D /* Build configuration list for PBXProject "VideoJoin" */ = {
			isa = XCConfigurationList;
			buildConfigurations = (
				3A275ECC2BAF762300F6D50D /* Debug */,
				3A275ECD2BAF762300F6D50D /* Release */,
			);
			defaultConfigurationIsVisible = 0;
			defaultConfigurationName = Release;
		};
		3A275ECE2BAF762300F6D50D /* Build configuration list for PBXNativeTarget "VideoJoin" */ = {
			isa = XCConfigurationList;
			buildConfigurations = (
				3A275ECF2BAF762300F6D50D /* Debug */,
				3A275ED02BAF762300F6D50D /* Release */,
			);
			defaultConfigurationIsVisible = 0;
			defaultConfigurationName = Release;
		};
		3A275ED12BAF762300F6D50D /* Build configuration list for PBXNativeTarget "VideoJoinTests" */ = {
			isa = XCConfigurationList;
			buildConfigurations = (
				3A275ED22BAF762300F6D50D /* Debug */,
				3A275ED32BAF762300F6D50D /* Release */,
			);
			defaultConfigurationIsVisible = 0;
			defaultConfigurationName = Release;
		};
		3A275ED42BAF762300F6D50D /* Build configuration list for PBXNativeTarget "VideoJoinUITests" */ = {
			isa = XCConfigurationList;
			buildConfigurations = (
				3A275ED52BAF762300F6D50D /* Debug */,
				3A275ED62BAF762300F6D50D /* Release */,
			);
			defaultConfigurationIsVisible = 0;
			defaultConfigurationName = Release;
		};
/* End XCConfigurationList section */
	};
	rootObject = 3A275EA02BAF762100F6D50D /* Project object */;
}
